
Microsoft Visual Studio Solution File, Format Version 12.00
# Visual Studio 15
VisualStudioVersion = 15.0.28010.2046
MinimumVisualStudioVersion = 10.0.40219.1
Project("{FAE04EC0-301F-11D3-BF4B-00C04F79EFBC}") = "TablePerHierarch", "TablePerHierarch\TablePerHierarch.csproj", "{A765B287-0A62-403C-9C47-DA5BB928CFCB}"
EndProject
Project("{FAE04EC0-301F-11D3-BF4B-00C04F79EFBC}") = "TablePerType", "TablePerType\TablePerType.csproj", "{942CD903-0F72-4B94-8ACD-507B6A97D6AB}"
EndProject
Project("{FAE04EC0-301F-11D3-BF4B-00C04F79EFBC}") = "TablePerConcreteClass", "TablePerConcreteType\TablePerConcreteClass.csproj", "{A1E0D3C0-EFE5-49D0-A468-D2DC2ECA2E64}"
EndProject
Global
	GlobalSection(SolutionConfigurationPlatforms) = preSolution
		Debug|Any CPU = Debug|Any CPU
		Release|Any CPU = Release|Any CPU
	EndGlobalSection
	GlobalSection(ProjectConfigurationPlatforms) = postSolution
		{A765B287-0A62-403C-9C47-DA5BB928CFCB}.Debug|Any CPU.ActiveCfg = Debug|Any CPU
		{A765B287-0A62-403C-9C47-DA5BB928CFCB}.Debug|Any CPU.Build.0 = Debug|Any CPU
		{A765B287-0A62-403C-9C47-DA5BB928CFCB}.Release|Any CPU.ActiveCfg = Release|Any CPU
		{A765B287-0A62-403C-9C47-DA5BB928CFCB}.Release|Any CPU.Build.0 = Release|Any CPU
		{942CD903-0F72-4B94-8ACD-507B6A97D6AB}.Debug|Any CPU.ActiveCfg = Debug|Any CPU
		{942CD903-0F72-4B94-8ACD-507B6A97D6AB}.Debug|Any CPU.Build.0 = Debug|Any CPU
		{942CD903-0F72-4B94-8ACD-507B6A97D6AB}.Release|Any CPU.ActiveCfg = Release|Any CPU
		{942CD903-0F72-4B94-8ACD-507B6A97D6AB}.Release|Any CPU.Build.0 = Release|Any CPU
		{A1E0D3C0-EFE5-49D0-A468-D2DC2ECA2E64}.Debug|Any CPU.ActiveCfg = Debug|Any CPU
		{A1E0D3C0-EFE5-49D0-A468-D2DC2ECA2E64}.Debug|Any CPU.Build.0 = Debug|Any CPU
		{A1E0D3C0-EFE5-49D0-A468-D2DC2ECA2E64}.Release|Any CPU.ActiveCfg = Release|Any CPU
		{A1E0D3C0-EFE5-49D0-A468-D2DC2ECA2E64}.Release|Any CPU.Build.0 = Release|Any CPU
	EndGlobalSection
	GlobalSection(SolutionProperties) = preSolution
		HideSolutionNode = FALSE
	EndGlobalSection
	GlobalSection(ExtensibilityGlobals) = postSolution
		SolutionGuid = {C0FD1358-9708-431A-971D-902647AD0E30}
	EndGlobalSection
EndGlobal
